Microsoft Visual Studio Solution File, Format Version 12.00
# Visual Studio Version 17
VisualStudioVersion = 17.8.34322.80
MinimumVisualStudioVersion = 10.0.40219.1
Project("{9A19103F-16F7-4668-BE54-9A1E7A4F7556}") = "Day02", "Day02\Day02.csproj", "{1177321D-2835-4E80-A13E-557B9AF14620}"
EndProject
Project("{2150E333-8FDC-42A3-9474-1A3956D46DE8}") = "Solution Items", "Solution Items", "{D3C25ECF-A25D-46D4-989C-107A7DB20B32}"
	ProjectSection(SolutionItems) = preProject
		.editorconfig = .editorconfig
		LICENSE = LICENSE
		README.md = README.md
	EndProjectSection
EndProject
Project("{9A19103F-16F7-4668-BE54-9A1E7A4F7556}") = "Day03", "Day03\Day03.csproj", "{F52BE815-67C7-4B5F-9F90-2B9230F5C6A4}"
EndProject
Project("{9A19103F-16F7-4668-BE54-9A1E7A4F7556}") = "Day04", "Day04\Day04.csproj", "{5B9E16BD-2FFB-4D47-B009-6BD954DD6D49}"
EndProject
Project("{9A19103F-16F7-4668-BE54-9A1E7A4F7556}") = "Day05", "Day05\Day05.csproj", "{DF5C0F67-2984-4159-A931-F760FB51ED39}"
EndProject
Project("{9A19103F-16F7-4668-BE54-9A1E7A4F7556}") = "Day06", "Day06\Day06.csproj", "{F2080CAE-FECA-40AC-BE2D-88A3315820A5}"
EndProject
Project("{9A19103F-16F7-4668-BE54-9A1E7A4F7556}") = "Day07", "Day07\Day07.csproj", "{07689E6E-EDF0-428C-B524-04A148D83531}"
EndProject
Project("{9A19103F-16F7-4668-BE54-9A1E7A4F7556}") = "Day08", "Day08\Day08.csproj", "{248A6066-97A6-49F0-861D-495ED32FB4A4}"
EndProject
Project("{9A19103F-16F7-4668-BE54-9A1E7A4F7556}") = "Day09", "Day09\Day09.csproj", "{65C8AD57-0897-4D9C-BBDF-DB5671559E76}"
EndProject
Project("{9A19103F-16F7-4668-BE54-9A1E7A4F7556}") = "Day10", "Day10\Day10.csproj", "{67F93287-4636-44B6-9A77-4D35A7AE4FC3}"
EndProject
Project("{9A19103F-16F7-4668-BE54-9A1E7A4F7556}") = "Day11", "Day11\Day11.csproj", "{486DC1DD-8136-482A-8D86-0A1B65DC7AA1}"
EndProject
Project("{9A19103F-16F7-4668-BE54-9A1E7A4F7556}") = "Day12", "Day12\Day12.csproj", "{5F490B15-5912-4FD0-A81D-2D36E0222DEE}"
EndProject
Project("{9A19103F-16F7-4668-BE54-9A1E7A4F7556}") = "Day13", "Day13\Day13.csproj", "{018AC645-9C8D-47C7-AE33-DC3391C48E9C}"
EndProject
Project("{9A19103F-16F7-4668-BE54-9A1E7A4F7556}") = "Day14", "Day14\Day14.csproj", "{9F546BB5-E09D-4F5A-B049-071F3C4302D6}"
EndProject
Project("{9A19103F-16F7-4668-BE54-9A1E7A4F7556}") = "Day15", "Day15\Day15.csproj", "{7642F80E-B173-430B-8053-F6E0CD79EC49}"
EndProject
Project("{9A19103F-16F7-4668-BE54-9A1E7A4F7556}") = "Day16", "Day16\Day16.csproj", "{03CA2D6F-E9A7-4FE2-B183-21A18FE7E5E1}"
EndProject
Project("{9A19103F-16F7-4668-BE54-9A1E7A4F7556}") = "Day17", "Day17\Day17.csproj", "{FA77BDAD-B20E-4CA5-A37C-A15ADCE3769D}"
EndProject
Project("{9A19103F-16F7-4668-BE54-9A1E7A4F7556}") = "Day18", "Day18\Day18.csproj", "{884F879B-788A-4066-BF3B-E6F2FEAE67BC}"
EndProject
Project("{9A19103F-16F7-4668-BE54-9A1E7A4F7556}") = "Day19", "Day19\Day19.csproj", "{1414E263-6CBF-45DA-B3AD-FCD6C55140ED}"
EndProject
Project("{9A19103F-16F7-4668-BE54-9A1E7A4F7556}") = "Day20", "Day20\Day20.csproj", "{ADA0A285-A1C1-4C26-87D3-034B16892A26}"
EndProject
Project("{FAE04EC0-301F-11D3-BF4B-00C04F79EFBC}") = "Day21", "Day21\Day21.csproj", "{4EBF8CDD-C97F-4008-95A9-5A459D029C01}"
EndProject
Project("{FAE04EC0-301F-11D3-BF4B-00C04F79EFBC}") = "Day22", "Day22\Day22.csproj", "{2064E8F4-4B7B-4838-A9BF-8D2E8D297CF1}"
EndProject
Project("{FAE04EC0-301F-11D3-BF4B-00C04F79EFBC}") = "Day23", "Day23\Day23.csproj", "{D335757C-22A2-4FA5-9E65-419E6C1E00FC}"
EndProject
Global
	GlobalSection(SolutionConfigurationPlatforms) = preSolution
		Debug|Any CPU = Debug|Any CPU
		Release|Any CPU = Release|Any CPU
	EndGlobalSection
	GlobalSection(ProjectConfigurationPlatforms) = postSolution
		{1177321D-2835-4E80-A13E-557B9AF14620}.Debug|Any CPU.ActiveCfg = Debug|Any CPU
		{1177321D-2835-4E80-A13E-557B9AF14620}.Debug|Any CPU.Build.0 = Debug|Any CPU
		{1177321D-2835-4E80-A13E-557B9AF14620}.Release|Any CPU.ActiveCfg = Release|Any CPU
		{1177321D-2835-4E80-A13E-557B9AF14620}.Release|Any CPU.Build.0 = Release|Any CPU
		{F52BE815-67C7-4B5F-9F90-2B9230F5C6A4}.Debug|Any CPU.ActiveCfg = Debug|Any CPU
		{F52BE815-67C7-4B5F-9F90-2B9230F5C6A4}.Debug|Any CPU.Build.0 = Debug|Any CPU
		{F52BE815-67C7-4B5F-9F90-2B9230F5C6A4}.Release|Any CPU.ActiveCfg = Release|Any CPU
		{F52BE815-67C7-4B5F-9F90-2B9230F5C6A4}.Release|Any CPU.Build.0 = Release|Any CPU
		{5B9E16BD-2FFB-4D47-B009-6BD954DD6D49}.Debug|Any CPU.ActiveCfg = Debug|Any CPU
		{5B9E16BD-2FFB-4D47-B009-6BD954DD6D49}.Debug|Any CPU.Build.0 = Debug|Any CPU
		{5B9E16BD-2FFB-4D47-B009-6BD954DD6D49}.Release|Any CPU.ActiveCfg = Release|Any CPU
		{5B9E16BD-2FFB-4D47-B009-6BD954DD6D49}.Release|Any CPU.Build.0 = Release|Any CPU
		{DF5C0F67-2984-4159-A931-F760FB51ED39}.Debug|Any CPU.ActiveCfg = Debug|Any CPU
		{DF5C0F67-2984-4159-A931-F760FB51ED39}.Debug|Any CPU.Build.0 = Debug|Any CPU
		{DF5C0F67-2984-4159-A931-F760FB51ED39}.Release|Any CPU.ActiveCfg = Release|Any CPU
		{DF5C0F67-2984-4159-A931-F760FB51ED39}.Release|Any CPU.Build.0 = Release|Any CPU
		{F2080CAE-FECA-40AC-BE2D-88A3315820A5}.Debug|Any CPU.ActiveCfg = Debug|Any CPU
		{F2080CAE-FECA-40AC-BE2D-88A3315820A5}.Debug|Any CPU.Build.0 = Debug|Any CPU
		{F2080CAE-FECA-40AC-BE2D-88A3315820A5}.Release|Any CPU.ActiveCfg = Release|Any CPU
		{F2080CAE-FECA-40AC-BE2D-88A3315820A5}.Release|Any CPU.Build.0 = Release|Any CPU
		{07689E6E-EDF0-428C-B524-04A148D83531}.Debug|Any CPU.ActiveCfg = Debug|Any CPU
		{07689E6E-EDF0-428C-B524-04A148D83531}.Debug|Any CPU.Build.0 = Debug|Any CPU
		{07689E6E-EDF0-428C-B524-04A148D83531}.Release|Any CPU.ActiveCfg = Release|Any CPU
		{07689E6E-EDF0-428C-B524-04A148D83531}.Release|Any CPU.Build.0 = Release|Any CPU
		{248A6066-97A6-49F0-861D-495ED32FB4A4}.Debug|Any CPU.ActiveCfg = Debug|Any CPU
		{248A6066-97A6-49F0-861D-495ED32FB4A4}.Debug|Any CPU.Build.0 = Debug|Any CPU
		{248A6066-97A6-49F0-861D-495ED32FB4A4}.Release|Any CPU.ActiveCfg = Release|Any CPU
		{248A6066-97A6-49F0-861D-495ED32FB4A4}.Release|Any CPU.Build.0 = Release|Any CPU
		{65C8AD57-0897-4D9C-BBDF-DB5671559E76}.Debug|Any CPU.ActiveCfg = Debug|Any CPU
		{65C8AD57-0897-4D9C-BBDF-DB5671559E76}.Debug|Any CPU.Build.0 = Debug|Any CPU
		{65C8AD57-0897-4D9C-BBDF-DB5671559E76}.Release|Any CPU.ActiveCfg = Release|Any CPU
		{65C8AD57-0897-4D9C-BBDF-DB5671559E76}.Release|Any CPU.Build.0 = Release|Any CPU
		{67F93287-4636-44B6-9A77-4D35A7AE4FC3}.Debug|Any CPU.ActiveCfg = Debug|Any CPU
		{67F93287-4636-44B6-9A77-4D35A7AE4FC3}.Debug|Any CPU.Build.0 = Debug|Any CPU
		{67F93287-4636-44B6-9A77-4D35A7AE4FC3}.Release|Any CPU.ActiveCfg = Release|Any CPU
		{67F93287-4636-44B6-9A77-4D35A7AE4FC3}.Release|Any CPU.Build.0 = Release|Any CPU
		{486DC1DD-8136-482A-8D86-0A1B65DC7AA1}.Debug|Any CPU.ActiveCfg = Debug|Any CPU
		{486DC1DD-8136-482A-8D86-0A1B65DC7AA1}.Debug|Any CPU.Build.0 = Debug|Any CPU
		{486DC1DD-8136-482A-8D86-0A1B65DC7AA1}.Release|Any CPU.ActiveCfg = Release|Any CPU
		{486DC1DD-8136-482A-8D86-0A1B65DC7AA1}.Release|Any CPU.Build.0 = Release|Any CPU
		{5F490B15-5912-4FD0-A81D-2D36E0222DEE}.Debug|Any CPU.ActiveCfg = Debug|Any CPU
		{5F490B15-5912-4FD0-A81D-2D36E0222DEE}.Debug|Any CPU.Build.0 = Debug|Any CPU
		{5F490B15-5912-4FD0-A81D-2D36E0222DEE}.Release|Any CPU.ActiveCfg = Release|Any CPU
		{5F490B15-5912-4FD0-A81D-2D36E0222DEE}.Release|Any CPU.Build.0 = Release|Any CPU
		{018AC645-9C8D-47C7-AE33-DC3391C48E9C}.Debug|Any CPU.ActiveCfg = Debug|Any CPU
		{018AC645-9C8D-47C7-AE33-DC3391C48E9C}.Debug|Any CPU.Build.0 = Debug|Any CPU
		{018AC645-9C8D-47C7-AE33-DC3391C48E9C}.Release|Any CPU.ActiveCfg = Release|Any CPU
		{018AC645-9C8D-47C7-AE33-DC3391C48E9C}.Release|Any CPU.Build.0 = Release|Any CPU
		{9F546BB5-E09D-4F5A-B049-071F3C4302D6}.Debug|Any CPU.ActiveCfg = Debug|Any CPU
		{9F546BB5-E09D-4F5A-B049-071F3C4302D6}.Debug|Any CPU.Build.0 = Debug|Any CPU
		{9F546BB5-E09D-4F5A-B049-071F3C4302D6}.Release|Any CPU.ActiveCfg = Release|Any CPU
		{9F546BB5-E09D-4F5A-B049-071F3C4302D6}.Release|Any CPU.Build.0 = Release|Any CPU
		{7642F80E-B173-430B-8053-F6E0CD79EC49}.Debug|Any CPU.ActiveCfg = Debug|Any CPU
		{7642F80E-B173-430B-8053-F6E0CD79EC49}.Debug|Any CPU.Build.0 = Debug|Any CPU
		{7642F80E-B173-430B-8053-F6E0CD79EC49}.Release|Any CPU.ActiveCfg = Release|Any CPU
		{7642F80E-B173-430B-8053-F6E0CD79EC49}.Release|Any CPU.Build.0 = Release|Any CPU
		{03CA2D6F-E9A7-4FE2-B183-21A18FE7E5E1}.Debug|Any CPU.ActiveCfg = Debug|Any CPU
		{03CA2D6F-E9A7-4FE2-B183-21A18FE7E5E1}.Debug|Any CPU.Build.0 = Debug|Any CPU
		{03CA2D6F-E9A7-4FE2-B183-21A18FE7E5E1}.Release|Any CPU.ActiveCfg = Release|Any CPU
		{03CA2D6F-E9A7-4FE2-B183-21A18FE7E5E1}.Release|Any CPU.Build.0 = Release|Any CPU
		{FA77BDAD-B20E-4CA5-A37C-A15ADCE3769D}.Debug|Any CPU.ActiveCfg = Debug|Any CPU
		{FA77BDAD-B20E-4CA5-A37C-A15ADCE3769D}.Debug|Any CPU.Build.0 = Debug|Any CPU
		{FA77BDAD-B20E-4CA5-A37C-A15ADCE3769D}.Release|Any CPU.ActiveCfg = Release|Any CPU
		{FA77BDAD-B20E-4CA5-A37C-A15ADCE3769D}.Release|Any CPU.Build.0 = Release|Any CPU
		{884F879B-788A-4066-BF3B-E6F2FEAE67BC}.Debug|Any CPU.ActiveCfg = Debug|Any CPU
		{884F879B-788A-4066-BF3B-E6F2FEAE67BC}.Debug|Any CPU.Build.0 = Debug|Any CPU
		{884F879B-788A-4066-BF3B-E6F2FEAE67BC}.Release|Any CPU.ActiveCfg = Release|Any CPU
		{884F879B-788A-4066-BF3B-E6F2FEAE67BC}.Release|Any CPU.Build.0 = Release|Any CPU
		{1414E263-6CBF-45DA-B3AD-FCD6C55140ED}.Debug|Any CPU.ActiveCfg = Debug|Any CPU
		{1414E263-6CBF-45DA-B3AD-FCD6C55140ED}.Debug|Any CPU.Build.0 = Debug|Any CPU
		{1414E263-6CBF-45DA-B3AD-FCD6C55140ED}.Release|Any CPU.ActiveCfg = Release|Any CPU
		{1414E263-6CBF-45DA-B3AD-FCD6C55140ED}.Release|Any CPU.Build.0 = Release|Any CPU
		{ADA0A285-A1C1-4C26-87D3-034B16892A26}.Debug|Any CPU.ActiveCfg = Debug|Any CPU
		{ADA0A285-A1C1-4C26-87D3-034B16892A26}.Debug|Any CPU.Build.0 = Debug|Any CPU
		{ADA0A285-A1C1-4C26-87D3-034B16892A26}.Release|Any CPU.ActiveCfg = Release|Any CPU
		{ADA0A285-A1C1-4C26-87D3-034B16892A26}.Release|Any CPU.Build.0 = Release|Any CPU
		{4EBF8CDD-C97F-4008-95A9-5A459D029C01}.Debug|Any CPU.ActiveCfg = Debug|Any CPU
		{4EBF8CDD-C97F-4008-95A9-5A459D029C01}.Debug|Any CPU.Build.0 = Debug|Any CPU
		{4EBF8CDD-C97F-4008-95A9-5A459D029C01}.Release|Any CPU.ActiveCfg = Release|Any CPU
		{4EBF8CDD-C97F-4008-95A9-5A459D029C01}.Release|Any CPU.Build.0 = Release|Any CPU
		{2064E8F4-4B7B-4838-A9BF-8D2E8D297CF1}.Debug|Any CPU.ActiveCfg = Debug|Any CPU
		{2064E8F4-4B7B-4838-A9BF-8D2E8D297CF1}.Debug|Any CPU.Build.0 = Debug|Any CPU
		{2064E8F4-4B7B-4838-A9BF-8D2E8D297CF1}.Release|Any CPU.ActiveCfg = Release|Any CPU
		{2064E8F4-4B7B-4838-A9BF-8D2E8D297CF1}.Release|Any CPU.Build.0 = Release|Any CPU
		{D335757C-22A2-4FA5-9E65-419E6C1E00FC}.Debug|Any CPU.ActiveCfg = Debug|Any CPU
		{D335757C-22A2-4FA5-9E65-419E6C1E00FC}.Debug|Any CPU.Build.0 = Debug|Any CPU
		{D335757C-22A2-4FA5-9E65-419E6C1E00FC}.Release|Any CPU.ActiveCfg = Release|Any CPU
		{D335757C-22A2-4FA5-9E65-419E6C1E00FC}.Release|Any CPU.Build.0 = Release|Any CPU
	EndGlobalSection
	GlobalSection(SolutionProperties) = preSolution
		HideSolutionNode = FALSE
	EndGlobalSection
	GlobalSection(ExtensibilityGlobals) = postSolution
		SolutionGuid = {0518DC16-8B7B-42F4-9A9A-42F99A282870}
	EndGlobalSection
EndGlobal
